
Microsoft Visual Studio Solution File, Format Version 11.00
# Visual Studio 2010
Project("{FAE04EC0-301F-11D3-BF4B-00C04F79EFBC}") = "Jokenpo", "Jokenpo\Jokenpo.csproj", "{11458E3B-8A40-453B-B335-86F83F211700}"
EndProject
Project("{FAE04EC0-301F-11D3-BF4B-00C04F79EFBC}") = "JokenpoTest", "JokenpoTest\JokenpoTest.csproj", "{AEF7DC5C-2C2A-44F4-8138-7893DAAA49C3}"
EndProject
Global
	GlobalSection(SolutionConfigurationPlatforms) = preSolution
		Debug|Any CPU = Debug|Any CPU
		Release|Any CPU = Release|Any CPU
	EndGlobalSection
	GlobalSection(ProjectConfigurationPlatforms) = postSolution
		{11458E3B-8A40-453B-B335-86F83F211700}.Debug|Any CPU.ActiveCfg = Debug|Any CPU
		{11458E3B-8A40-453B-B335-86F83F211700}.Debug|Any CPU.Build.0 = Debug|Any CPU
		{11458E3B-8A40-453B-B335-86F83F211700}.Release|Any CPU.ActiveCfg = Release|Any CPU
		{11458E3B-8A40-453B-B335-86F83F211700}.Release|Any CPU.Build.0 = Release|Any CPU
		{AEF7DC5C-2C2A-44F4-8138-7893DAAA49C3}.Debug|Any CPU.ActiveCfg = Debug|Any CPU
		{AEF7DC5C-2C2A-44F4-8138-7893DAAA49C3}.Debug|Any CPU.Build.0 = Debug|Any CPU
		{AEF7DC5C-2C2A-44F4-8138-7893DAAA49C3}.Release|Any CPU.ActiveCfg = Release|Any CPU
		{AEF7DC5C-2C2A-44F4-8138-7893DAAA49C3}.Release|Any CPU.Build.0 = Release|Any CPU
	EndGlobalSection
	GlobalSection(SolutionProperties) = preSolution
		HideSolutionNode = FALSE
	EndGlobalSection
EndGlobal
